
Microsoft Visual Studio Solution File, Format Version 12.00
# Visual Studio Version 16
VisualStudioVersion = 16.0.31205.134
MinimumVisualStudioVersion = 10.0.40219.1
Project("{FAE04EC0-301F-11D3-BF4B-00C04F79EFBC}") = "MqttWebSocket", "MqttWebSocket\MqttWebSocket.csproj", "{412BD5D6-E2E4-4D80-894F-49D76BD94FDD}"
EndProject
Global
	GlobalSection(SolutionConfigurationPlatforms) = preSolution
		Debug|Any CPU = Debug|Any CPU
		Release|Any CPU = Release|Any CPU
	EndGlobalSection
	GlobalSection(ProjectConfigurationPlatforms) = postSolution
		{412BD5D6-E2E4-4D80-894F-49D76BD94FDD}.Debug|Any CPU.ActiveCfg = Debug|Any CPU
		{412BD5D6-E2E4-4D80-894F-49D76BD94FDD}.Debug|Any CPU.Build.0 = Debug|Any CPU
		{412BD5D6-E2E4-4D80-894F-49D76BD94FDD}.Release|Any CPU.ActiveCfg = Release|Any CPU
		{412BD5D6-E2E4-4D80-894F-49D76BD94FDD}.Release|Any CPU.Build.0 = Release|Any CPU
	EndGlobalSection
	GlobalSection(SolutionProperties) = preSolution
		HideSolutionNode = FALSE
	EndGlobalSection
	GlobalSection(ExtensibilityGlobals) = postSolution
		SolutionGuid = {F50D1162-6AB3-47B7-85AD-A696496D36DD}
	EndGlobalSection
EndGlobal
